{
  "originHash" : "d096a4c78225ff8eba470c1917a95f467ecc95986965a41521258f90aa010f96",
  "pins" : [
    {
      "identity" : "posthog-ios",
      "kind" : "remoteSourceControl",
      "location" : "https://github.com/PostHog/posthog-ios.git",
      "state" : {
        "revision" : "19288ee2f0575606b4669b2abadda2c9db97c529",
        "version" : "3.66.1"
      }
    },
    {
      "identity" : "purchases-ios-spm",
      "kind" : "remoteSourceControl",
      "location" : "https://github.com/RevenueCat/purchases-ios-spm.git",
      "state" : {
        "revision" : "4b28e6817c746be6bb710f2bcc0a7e8d9f9e3afa",
        "version" : "5.81.1"
      }
    },
    {
      "identity" : "sentry-cocoa",
      "kind" : "remoteSourceControl",
      "location" : "https://github.com/getsentry/sentry-cocoa.git",
      "state" : {
        "revision" : "67310f115f3fc1e5e1f2e262f9009c64bb387e3f",
        "version" : "9.22.0"
      }
    }
  ],
  "version" : 3
}
