// !$*UTF8*$!
{
	archiveVersion = 1;
	classes = {
	};
	objectVersion = 71;
	objects = {

/* Begin PBXBuildFile section */
		A50000000000000000000001 /* RevenueCat in Frameworks */ = {isa = PBXBuildFile; productRef = B10000000000000000000002 /* RevenueCat */; };
		A50000000000000000000002 /* RevenueCatUI in Frameworks */ = {isa = PBXBuildFile; productRef = B10000000000000000000003 /* RevenueCatUI */; };
		A50000000000000000000003 /* Sentry in Frameworks */ = {isa = PBXBuildFile; productRef = B10000000000000000000005 /* Sentry */; };
		A50000000000000000000004 /* PostHog in Frameworks */ = {isa = PBXBuildFile; productRef = B10000000000000000000007 /* PostHog */; };
		A50000000000000000000005 /* WearBloomContract in Frameworks */ = {isa = PBXBuildFile; productRef = B10000000000000000000009 /* WearBloomContract */; };
/* End PBXBuildFile section */

/* Begin PBXContainerItemProxy section */
		C50000000000000000000001 /* PBXContainerItemProxy */ = {
			isa = PBXContainerItemProxy;
			containerPortal = A80000000000000000000001 /* Project object */;
			proxyType = 1;
			remoteGlobalIDString = A10000000000000000000001;
			remoteInfo = WearBloom;
		};
		D50000000000000000000001 /* PBXContainerItemProxy */ = {
			isa = PBXContainerItemProxy;
			containerPortal = A80000000000000000000001 /* Project object */;
			proxyType = 1;
			remoteGlobalIDString = A10000000000000000000001;
			remoteInfo = WearBloom;
		};
/* End PBXContainerItemProxy section */

/* Begin PBXFileReference section */
		A20000000000000000000001 /* WearBloom.app */ = {isa = PBXFileReference; explicitFileType = wrapper.application; includeInIndex = 0; path = WearBloom.app; sourceTree = BUILT_PRODUCTS_DIR; };
		A20000000000000000000002 /* Debug.xcconfig */ = {isa = PBXFileReference; lastKnownFileType = text.xcconfig; path = Debug.xcconfig; sourceTree = "<group>"; };
		A20000000000000000000003 /* Release.xcconfig */ = {isa = PBXFileReference; lastKnownFileType = text.xcconfig; path = Release.xcconfig; sourceTree = "<group>"; };
		A20000000000000000000004 /* Base.xcconfig */ = {isa = PBXFileReference; lastKnownFileType = text.xcconfig; path = Base.xcconfig; sourceTree = "<group>"; };
		C20000000000000000000001 /* WearBloomTests.xctest */ = {isa = PBXFileReference; explicitFileType = wrapper.cfbundle; includeInIndex = 0; path = WearBloomTests.xctest; sourceTree = BUILT_PRODUCTS_DIR; };
		D20000000000000000000001 /* WearBloomUITests.xctest */ = {isa = PBXFileReference; explicitFileType = wrapper.cfbundle; includeInIndex = 0; path = WearBloomUITests.xctest; sourceTree = BUILT_PRODUCTS_DIR; };
/* End PBXFileReference section */

/* Begin PBXFileSystemSynchronizedBuildFileExceptionSet section */
		A30000000000000000000002 /* PBXFileSystemSynchronizedBuildFileExceptionSet */ = {
			isa = PBXFileSystemSynchronizedBuildFileExceptionSet;
			membershipExceptions = (
				Info.plist,
			);
			target = A10000000000000000000001 /* WearBloom */;
		};
/* End PBXFileSystemSynchronizedBuildFileExceptionSet section */

/* Begin PBXFileSystemSynchronizedRootGroup section */
		A30000000000000000000001 /* WearBloom */ = {isa = PBXFileSystemSynchronizedRootGroup; exceptions = (A30000000000000000000002 /* PBXFileSystemSynchronizedBuildFileExceptionSet */, ); explicitFileTypes = {}; explicitFolders = (); path = WearBloom; sourceTree = "<group>"; };
		C30000000000000000000001 /* WearBloomTests */ = {isa = PBXFileSystemSynchronizedRootGroup; explicitFileTypes = {}; explicitFolders = (); path = WearBloomTests; sourceTree = "<group>"; };
		D30000000000000000000001 /* WearBloomUITests */ = {isa = PBXFileSystemSynchronizedRootGroup; explicitFileTypes = {}; explicitFolders = (); path = WearBloomUITests; sourceTree = "<group>"; };
/* End PBXFileSystemSynchronizedRootGroup section */

/* Begin PBXFrameworksBuildPhase section */
		A40000000000000000000001 /* Frameworks */ = {
			isa = PBXFrameworksBuildPhase;
			buildActionMask = 2147483647;
			files = (
				A50000000000000000000001 /* RevenueCat in Frameworks */,
				A50000000000000000000002 /* RevenueCatUI in Frameworks */,
				A50000000000000000000003 /* Sentry in Frameworks */,
				A50000000000000000000004 /* PostHog in Frameworks */,
				A50000000000000000000005 /* WearBloomContract in Frameworks */,
			);
			runOnlyForDeploymentPostprocessing = 0;
		};
		C40000000000000000000002 /* Frameworks */ = {
			isa = PBXFrameworksBuildPhase;
			buildActionMask = 2147483647;
			files = (
			);
			runOnlyForDeploymentPostprocessing = 0;
		};
		D40000000000000000000002 /* Frameworks */ = {
			isa = PBXFrameworksBuildPhase;
			buildActionMask = 2147483647;
			files = (
			);
			runOnlyForDeploymentPostprocessing = 0;
		};
/* End PBXFrameworksBuildPhase section */

/* Begin PBXGroup section */
		A60000000000000000000001 = {
			isa = PBXGroup;
			children = (
				A30000000000000000000001 /* WearBloom */,
				C30000000000000000000001 /* WearBloomTests */,
				D30000000000000000000001 /* WearBloomUITests */,
				A60000000000000000000002 /* Configuration */,
				A60000000000000000000003 /* Products */,
			);
			sourceTree = "<group>";
		};
		A60000000000000000000002 /* Configuration */ = {
			isa = PBXGroup;
			children = (
				A20000000000000000000004 /* Base.xcconfig */,
				A20000000000000000000002 /* Debug.xcconfig */,
				A20000000000000000000003 /* Release.xcconfig */,
			);
			path = Configuration;
			sourceTree = "<group>";
		};
		A60000000000000000000003 /* Products */ = {
			isa = PBXGroup;
			children = (
				A20000000000000000000001 /* WearBloom.app */,
				C20000000000000000000001 /* WearBloomTests.xctest */,
				D20000000000000000000001 /* WearBloomUITests.xctest */,
			);
			name = Products;
			sourceTree = "<group>";
		};
/* End PBXGroup section */

/* Begin PBXNativeTarget section */
		A10000000000000000000001 /* WearBloom */ = {
			isa = PBXNativeTarget;
			buildConfigurationList = A70000000000000000000001 /* Build configuration list for PBXNativeTarget "WearBloom" */;
			buildPhases = (
				A40000000000000000000002 /* Sources */,
				A40000000000000000000001 /* Frameworks */,
				A40000000000000000000003 /* Resources */,
			);
			buildRules = (
			);
			dependencies = (
			);
			fileSystemSynchronizedGroups = (
				A30000000000000000000001 /* WearBloom */,
			);
			name = WearBloom;
			packageProductDependencies = (
				B10000000000000000000002 /* RevenueCat */,
				B10000000000000000000003 /* RevenueCatUI */,
				B10000000000000000000005 /* Sentry */,
				B10000000000000000000007 /* PostHog */,
				B10000000000000000000009 /* WearBloomContract */,
			);
			productName = WearBloom;
			productReference = A20000000000000000000001 /* WearBloom.app */;
			productType = "com.apple.product-type.application";
		};
		C10000000000000000000001 /* WearBloomTests */ = {
			isa = PBXNativeTarget;
			buildConfigurationList = C70000000000000000000001 /* Build configuration list for PBXNativeTarget "WearBloomTests" */;
			buildPhases = (
				C40000000000000000000001 /* Sources */,
				C40000000000000000000002 /* Frameworks */,
				C40000000000000000000003 /* Resources */,
			);
			buildRules = (
			);
			dependencies = (
				C60000000000000000000001 /* PBXTargetDependency */,
			);
			fileSystemSynchronizedGroups = (
				C30000000000000000000001 /* WearBloomTests */,
			);
			name = WearBloomTests;
			packageProductDependencies = (
			);
			productName = WearBloomTests;
			productReference = C20000000000000000000001 /* WearBloomTests.xctest */;
			productType = "com.apple.product-type.bundle.unit-test";
		};
		D10000000000000000000001 /* WearBloomUITests */ = {
			isa = PBXNativeTarget;
			buildConfigurationList = D70000000000000000000001 /* Build configuration list for PBXNativeTarget "WearBloomUITests" */;
			buildPhases = (
				D40000000000000000000001 /* Sources */,
				D40000000000000000000002 /* Frameworks */,
				D40000000000000000000003 /* Resources */,
			);
			buildRules = (
			);
			dependencies = (
				D60000000000000000000001 /* PBXTargetDependency */,
			);
			fileSystemSynchronizedGroups = (
				D30000000000000000000001 /* WearBloomUITests */,
			);
			name = WearBloomUITests;
			packageProductDependencies = (
			);
			productName = WearBloomUITests;
			productReference = D20000000000000000000001 /* WearBloomUITests.xctest */;
			productType = "com.apple.product-type.bundle.ui-testing";
		};
/* End PBXNativeTarget section */

/* Begin PBXProject section */
		A80000000000000000000001 /* Project object */ = {
			isa = PBXProject;
			attributes = {
				BuildIndependentTargetsInParallel = 1;
				LastSwiftUpdateCheck = 2660;
				LastUpgradeCheck = 2660;
				TargetAttributes = {
					A10000000000000000000001 = {
						CreatedOnToolsVersion = 26.6;
						SystemCapabilities = {
							com.apple.AppAttest = {
								enabled = 1;
							};
							com.apple.AssociatedDomains = {
								enabled = 1;
							};
							com.apple.InAppPurchase = {
								enabled = 1;
							};
							com.apple.Push = {
								enabled = 1;
							};
							com.apple.SignInWithApple = {
								enabled = 1;
							};
						};
					};
					C10000000000000000000001 = {
						CreatedOnToolsVersion = 26.6;
						TestTargetID = A10000000000000000000001;
					};
					D10000000000000000000001 = {
						CreatedOnToolsVersion = 26.6;
						TestTargetID = A10000000000000000000001;
					};
				};
			};
			buildConfigurationList = A70000000000000000000002 /* Build configuration list for PBXProject "WearBloom" */;
			compatibilityVersion = "Xcode 16.0";
			developmentRegion = en;
			hasScannedForEncodings = 0;
			knownRegions = (
				en,
				Base,
			);
			mainGroup = A60000000000000000000001;
			minimizedProjectReferenceProxies = 1;
			packageReferences = (
				B10000000000000000000001 /* XCRemoteSwiftPackageReference "purchases-ios-spm" */,
				B10000000000000000000004 /* XCRemoteSwiftPackageReference "sentry-cocoa" */,
				B10000000000000000000006 /* XCRemoteSwiftPackageReference "posthog-ios" */,
				B10000000000000000000008 /* XCLocalSwiftPackageReference "WearBloomContract" */,
			);
			productRefGroup = A60000000000000000000003 /* Products */;
			projectDirPath = "";
			projectRoot = "";
			targets = (
				A10000000000000000000001 /* WearBloom */,
				C10000000000000000000001 /* WearBloomTests */,
				D10000000000000000000001 /* WearBloomUITests */,
			);
		};
/* End PBXProject section */

/* Begin PBXResourcesBuildPhase section */
		A40000000000000000000003 /* Resources */ = {
			isa = PBXResourcesBuildPhase;
			buildActionMask = 2147483647;
			files = (
			);
			runOnlyForDeploymentPostprocessing = 0;
		};
		C40000000000000000000003 /* Resources */ = {
			isa = PBXResourcesBuildPhase;
			buildActionMask = 2147483647;
			files = (
			);
			runOnlyForDeploymentPostprocessing = 0;
		};
		D40000000000000000000003 /* Resources */ = {
			isa = PBXResourcesBuildPhase;
			buildActionMask = 2147483647;
			files = (
			);
			runOnlyForDeploymentPostprocessing = 0;
		};
/* End PBXResourcesBuildPhase section */

/* Begin PBXSourcesBuildPhase section */
		A40000000000000000000002 /* Sources */ = {
			isa = PBXSourcesBuildPhase;
			buildActionMask = 2147483647;
			files = (
			);
			runOnlyForDeploymentPostprocessing = 0;
		};
		C40000000000000000000001 /* Sources */ = {
			isa = PBXSourcesBuildPhase;
			buildActionMask = 2147483647;
			files = (
			);
			runOnlyForDeploymentPostprocessing = 0;
		};
		D40000000000000000000001 /* Sources */ = {
			isa = PBXSourcesBuildPhase;
			buildActionMask = 2147483647;
			files = (
			);
			runOnlyForDeploymentPostprocessing = 0;
		};
/* End PBXSourcesBuildPhase section */

/* Begin PBXTargetDependency section */
		C60000000000000000000001 /* PBXTargetDependency */ = {
			isa = PBXTargetDependency;
			target = A10000000000000000000001 /* WearBloom */;
			targetProxy = C50000000000000000000001 /* PBXContainerItemProxy */;
		};
		D60000000000000000000001 /* PBXTargetDependency */ = {
			isa = PBXTargetDependency;
			target = A10000000000000000000001 /* WearBloom */;
			targetProxy = D50000000000000000000001 /* PBXContainerItemProxy */;
		};
/* End PBXTargetDependency section */

/* Begin XCBuildConfiguration section */
		A90000000000000000000001 /* Debug */ = {
			isa = XCBuildConfiguration;
			baseConfigurationReference = A20000000000000000000002 /* Debug.xcconfig */;
			buildSettings = {
				ASSETCATALOG_COMPILER_GENERATE_SWIFT_ASSET_SYMBOL_EXTENSIONS = YES;
				CLANG_ENABLE_MODULES = YES;
				CURRENT_PROJECT_VERSION = 1;
				DEVELOPMENT_ASSET_PATHS = "";
				ENABLE_PREVIEWS = YES;
				MARKETING_VERSION = 1.0;
				PRODUCT_MODULE_NAME = WearBloom;
			};
			name = Debug;
		};
		A90000000000000000000002 /* Release */ = {
			isa = XCBuildConfiguration;
			baseConfigurationReference = A20000000000000000000003 /* Release.xcconfig */;
			buildSettings = {
				ASSETCATALOG_COMPILER_GENERATE_SWIFT_ASSET_SYMBOL_EXTENSIONS = YES;
				CLANG_ENABLE_MODULES = YES;
				CURRENT_PROJECT_VERSION = 1;
				DEVELOPMENT_ASSET_PATHS = "";
				ENABLE_PREVIEWS = YES;
				MARKETING_VERSION = 1.0;
				PRODUCT_MODULE_NAME = WearBloom;
			};
			name = Release;
		};
		A90000000000000000000003 /* Debug */ = {
			isa = XCBuildConfiguration;
			baseConfigurationReference = A20000000000000000000002 /* Debug.xcconfig */;
			buildSettings = {
				ALWAYS_SEARCH_USER_PATHS = NO;
				CLANG_ANALYZER_NONNULL = YES;
				CLANG_ANALYZER_NUMBER_OBJECT_CONVERSION = YES_AGGRESSIVE;
				CLANG_CXX_LANGUAGE_STANDARD = "gnu++20";
				CLANG_ENABLE_OBJC_ARC = YES;
				CLANG_WARN_BOOL_CONVERSION = YES;
				CLANG_WARN_CONSTANT_CONVERSION = YES;
				CLANG_WARN_DEPRECATED_OBJC_IMPLEMENTATIONS = YES;
				CLANG_WARN_DOCUMENTATION_COMMENTS = YES;
				CLANG_WARN_EMPTY_BODY = YES;
				CLANG_WARN_ENUM_CONVERSION = YES;
				CLANG_WARN_INFINITE_RECURSION = YES;
				CLANG_WARN_INT_CONVERSION = YES;
				CLANG_WARN_OBJC_IMPLICIT_RETAIN_SELF = YES;
				CLANG_WARN_QUOTED_INCLUDE_IN_FRAMEWORK_HEADER = YES;
				CLANG_WARN_RANGE_LOOP_ANALYSIS = YES;
				CLANG_WARN_STRICT_PROTOTYPES = YES;
				CLANG_WARN_SUSPICIOUS_MOVE = YES;
				CLANG_WARN_UNREACHABLE_CODE = YES;
				DEBUG_INFORMATION_FORMAT = dwarf;
				ENABLE_TESTABILITY = YES;
				GCC_C_LANGUAGE_STANDARD = gnu17;
				GCC_NO_COMMON_BLOCKS = YES;
				GCC_OPTIMIZATION_LEVEL = 0;
				GCC_PREPROCESSOR_DEFINITIONS = (
					"DEBUG=1",
					"$(inherited)",
				);
				LOCALIZATION_PREFERS_STRING_CATALOGS = YES;
				MTL_ENABLE_DEBUG_INFO = INCLUDE_SOURCE;
				ONLY_ACTIVE_ARCH = YES;
				SDKROOT = iphoneos;
			};
			name = Debug;
		};
		A90000000000000000000004 /* Release */ = {
			isa = XCBuildConfiguration;
			baseConfigurationReference = A20000000000000000000003 /* Release.xcconfig */;
			buildSettings = {
				ALWAYS_SEARCH_USER_PATHS = NO;
				CLANG_ANALYZER_NONNULL = YES;
				CLANG_ANALYZER_NUMBER_OBJECT_CONVERSION = YES_AGGRESSIVE;
				CLANG_CXX_LANGUAGE_STANDARD = "gnu++20";
				CLANG_ENABLE_OBJC_ARC = YES;
				CLANG_WARN_BOOL_CONVERSION = YES;
				CLANG_WARN_CONSTANT_CONVERSION = YES;
				CLANG_WARN_DEPRECATED_OBJC_IMPLEMENTATIONS = YES;
				CLANG_WARN_DOCUMENTATION_COMMENTS = YES;
				CLANG_WARN_EMPTY_BODY = YES;
				CLANG_WARN_ENUM_CONVERSION = YES;
				CLANG_WARN_INFINITE_RECURSION = YES;
				CLANG_WARN_INT_CONVERSION = YES;
				CLANG_WARN_OBJC_IMPLICIT_RETAIN_SELF = YES;
				CLANG_WARN_QUOTED_INCLUDE_IN_FRAMEWORK_HEADER = YES;
				CLANG_WARN_RANGE_LOOP_ANALYSIS = YES;
				CLANG_WARN_STRICT_PROTOTYPES = YES;
				CLANG_WARN_SUSPICIOUS_MOVE = YES;
				CLANG_WARN_UNREACHABLE_CODE = YES;
				DEBUG_INFORMATION_FORMAT = "dwarf-with-dsym";
				GCC_C_LANGUAGE_STANDARD = gnu17;
				GCC_NO_COMMON_BLOCKS = YES;
				LOCALIZATION_PREFERS_STRING_CATALOGS = YES;
				MTL_ENABLE_DEBUG_INFO = NO;
				SDKROOT = iphoneos;
				SWIFT_COMPILATION_MODE = wholemodule;
			};
			name = Release;
		};
		C80000000000000000000001 /* Debug */ = {
			isa = XCBuildConfiguration;
			buildSettings = {
				BUNDLE_LOADER = "$(TEST_HOST)";
				CODE_SIGN_STYLE = Automatic;
				CURRENT_PROJECT_VERSION = 1;
				DEVELOPMENT_TEAM = DMLL8HQFCU;
				GENERATE_INFOPLIST_FILE = YES;
				IPHONEOS_DEPLOYMENT_TARGET = 26.0;
				MARKETING_VERSION = 1.0;
				PRODUCT_BUNDLE_IDENTIFIER = com.axel.wearbloom.tests;
				PRODUCT_NAME = "$(TARGET_NAME)";
				SWIFT_STRICT_CONCURRENCY = complete;
				SWIFT_VERSION = 6.0;
				TARGETED_DEVICE_FAMILY = 1;
				TEST_HOST = "$(BUILT_PRODUCTS_DIR)/WearBloom.app/$(BUNDLE_EXECUTABLE_FOLDER_PATH)/WearBloom";
			};
			name = Debug;
		};
		C80000000000000000000002 /* Release */ = {
			isa = XCBuildConfiguration;
			buildSettings = {
				BUNDLE_LOADER = "$(TEST_HOST)";
				CODE_SIGN_STYLE = Automatic;
				CURRENT_PROJECT_VERSION = 1;
				DEVELOPMENT_TEAM = DMLL8HQFCU;
				GENERATE_INFOPLIST_FILE = YES;
				IPHONEOS_DEPLOYMENT_TARGET = 26.0;
				MARKETING_VERSION = 1.0;
				PRODUCT_BUNDLE_IDENTIFIER = com.axel.wearbloom.tests;
				PRODUCT_NAME = "$(TARGET_NAME)";
				SWIFT_STRICT_CONCURRENCY = complete;
				SWIFT_VERSION = 6.0;
				TARGETED_DEVICE_FAMILY = 1;
				TEST_HOST = "$(BUILT_PRODUCTS_DIR)/WearBloom.app/$(BUNDLE_EXECUTABLE_FOLDER_PATH)/WearBloom";
			};
			name = Release;
		};
		D80000000000000000000001 /* Debug */ = {
			isa = XCBuildConfiguration;
			buildSettings = {
				CODE_SIGN_STYLE = Automatic;
				CURRENT_PROJECT_VERSION = 1;
				DEVELOPMENT_TEAM = DMLL8HQFCU;
				GENERATE_INFOPLIST_FILE = YES;
				IPHONEOS_DEPLOYMENT_TARGET = 26.0;
				MARKETING_VERSION = 1.0;
				PRODUCT_BUNDLE_IDENTIFIER = com.axel.wearbloom.uitests;
				PRODUCT_NAME = "$(TARGET_NAME)";
				SWIFT_STRICT_CONCURRENCY = complete;
				SWIFT_VERSION = 6.0;
				TARGETED_DEVICE_FAMILY = 1;
				TEST_TARGET_NAME = WearBloom;
			};
			name = Debug;
		};
		D80000000000000000000002 /* Release */ = {
			isa = XCBuildConfiguration;
			buildSettings = {
				CODE_SIGN_STYLE = Automatic;
				CURRENT_PROJECT_VERSION = 1;
				DEVELOPMENT_TEAM = DMLL8HQFCU;
				GENERATE_INFOPLIST_FILE = YES;
				IPHONEOS_DEPLOYMENT_TARGET = 26.0;
				MARKETING_VERSION = 1.0;
				PRODUCT_BUNDLE_IDENTIFIER = com.axel.wearbloom.uitests;
				PRODUCT_NAME = "$(TARGET_NAME)";
				SWIFT_STRICT_CONCURRENCY = complete;
				SWIFT_VERSION = 6.0;
				TARGETED_DEVICE_FAMILY = 1;
				TEST_TARGET_NAME = WearBloom;
			};
			name = Release;
		};
/* End XCBuildConfiguration section */

/* Begin XCConfigurationList section */
		A70000000000000000000001 /* Build configuration list for PBXNativeTarget "WearBloom" */ = {
			isa = XCConfigurationList;
			buildConfigurations = (
				A90000000000000000000001 /* Debug */,
				A90000000000000000000002 /* Release */,
			);
			defaultConfigurationIsVisible = 0;
			defaultConfigurationName = Release;
		};
		A70000000000000000000002 /* Build configuration list for PBXProject "WearBloom" */ = {
			isa = XCConfigurationList;
			buildConfigurations = (
				A90000000000000000000003 /* Debug */,
				A90000000000000000000004 /* Release */,
			);
			defaultConfigurationIsVisible = 0;
			defaultConfigurationName = Release;
		};
		C70000000000000000000001 /* Build configuration list for PBXNativeTarget "WearBloomTests" */ = {
			isa = XCConfigurationList;
			buildConfigurations = (
				C80000000000000000000001 /* Debug */,
				C80000000000000000000002 /* Release */,
			);
			defaultConfigurationIsVisible = 0;
			defaultConfigurationName = Release;
		};
		D70000000000000000000001 /* Build configuration list for PBXNativeTarget "WearBloomUITests" */ = {
			isa = XCConfigurationList;
			buildConfigurations = (
				D80000000000000000000001 /* Debug */,
				D80000000000000000000002 /* Release */,
			);
			defaultConfigurationIsVisible = 0;
			defaultConfigurationName = Release;
		};
/* End XCConfigurationList section */

/* Begin XCLocalSwiftPackageReference section */
		B10000000000000000000008 /* XCLocalSwiftPackageReference "WearBloomContract" */ = {
			isa = XCLocalSwiftPackageReference;
			relativePath = WearBloomContract;
		};
/* End XCLocalSwiftPackageReference section */

/* Begin XCRemoteSwiftPackageReference section */
		B10000000000000000000001 /* XCRemoteSwiftPackageReference "purchases-ios-spm" */ = {
			isa = XCRemoteSwiftPackageReference;
			repositoryURL = "https://github.com/RevenueCat/purchases-ios-spm.git";
			requirement = {
				kind = upToNextMajorVersion;
				minimumVersion = 5.74.0;
			};
		};
		B10000000000000000000004 /* XCRemoteSwiftPackageReference "sentry-cocoa" */ = {
			isa = XCRemoteSwiftPackageReference;
			repositoryURL = "https://github.com/getsentry/sentry-cocoa.git";
			requirement = {
				kind = upToNextMajorVersion;
				minimumVersion = 9.22.0;
			};
		};
		B10000000000000000000006 /* XCRemoteSwiftPackageReference "posthog-ios" */ = {
			isa = XCRemoteSwiftPackageReference;
			repositoryURL = "https://github.com/PostHog/posthog-ios.git";
			requirement = {
				kind = upToNextMajorVersion;
				minimumVersion = 3.66.1;
			};
		};
/* End XCRemoteSwiftPackageReference section */

/* Begin XCSwiftPackageProductDependency section */
		B10000000000000000000002 /* RevenueCat */ = {
			isa = XCSwiftPackageProductDependency;
			package = B10000000000000000000001 /* XCRemoteSwiftPackageReference "purchases-ios-spm" */;
			productName = RevenueCat;
		};
		B10000000000000000000003 /* RevenueCatUI */ = {
			isa = XCSwiftPackageProductDependency;
			package = B10000000000000000000001 /* XCRemoteSwiftPackageReference "purchases-ios-spm" */;
			productName = RevenueCatUI;
		};
		B10000000000000000000005 /* Sentry */ = {
			isa = XCSwiftPackageProductDependency;
			package = B10000000000000000000004 /* XCRemoteSwiftPackageReference "sentry-cocoa" */;
			productName = Sentry;
		};
		B10000000000000000000007 /* PostHog */ = {
			isa = XCSwiftPackageProductDependency;
			package = B10000000000000000000006 /* XCRemoteSwiftPackageReference "posthog-ios" */;
			productName = PostHog;
		};
		B10000000000000000000009 /* WearBloomContract */ = {
			isa = XCSwiftPackageProductDependency;
			package = B10000000000000000000008 /* XCLocalSwiftPackageReference "WearBloomContract" */;
			productName = WearBloomContract;
		};
/* End XCSwiftPackageProductDependency section */
	};
	rootObject = A80000000000000000000001 /* Project object */;
}
